
Microsoft Visual Studio Solution File, Format Version 12.00
# Visual Studio Version 16
VisualStudioVersion = 16.0.31112.23
MinimumVisualStudioVersion = 10.0.40219.1
Project("{8BC9CEB8-8B4A-11D0-8D11-00A0C91BC942}") = "ListCheck_DS Exercise 1", "ListCheck_DS Exercise 1.vcxproj", "{A9E08B1A-74B7-460F-AB05-10DE022FE9D2}"
EndProject
Global
	GlobalSection(SolutionConfigurationPlatforms) = preSolution
		Debug|x64 = Debug|x64
		Debug|x86 = Debug|x86
		Release|x64 = Release|x64
		Release|x86 = Release|x86
	EndGlobalSection
	GlobalSection(ProjectConfigurationPlatforms) = postSolution
		{A9E08B1A-74B7-460F-AB05-10DE022FE9D2}.Debug|x64.ActiveCfg = Debug|x64
		{A9E08B1A-74B7-460F-AB05-10DE022FE9D2}.Debug|x64.Build.0 = Debug|x64
		{A9E08B1A-74B7-460F-AB05-10DE022FE9D2}.Debug|x86.ActiveCfg = Debug|Win32
		{A9E08B1A-74B7-460F-AB05-10DE022FE9D2}.Debug|x86.Build.0 = Debug|Win32
		{A9E08B1A-74B7-460F-AB05-10DE022FE9D2}.Release|x64.ActiveCfg = Release|x64
		{A9E08B1A-74B7-460F-AB05-10DE022FE9D2}.Release|x64.Build.0 = Release|x64
		{A9E08B1A-74B7-460F-AB05-10DE022FE9D2}.Release|x86.ActiveCfg = Release|Win32
		{A9E08B1A-74B7-460F-AB05-10DE022FE9D2}.Release|x86.Build.0 = Release|Win32
	EndGlobalSection
	GlobalSection(SolutionProperties) = preSolution
		HideSolutionNode = FALSE
	EndGlobalSection
	GlobalSection(ExtensibilityGlobals) = postSolution
		SolutionGuid = {E0C0C8D0-F07D-4123-952A-C6EF999DC747}
	EndGlobalSection
EndGlobal
